// !$*UTF8*$!
{
	archiveVersion = 1;
	classes = {
	};
	objectVersion = 46;
	objects = {

/* Begin PBXBuildFile section */
		8204C3FC148080C40029F349 /* UIKit.framework in Frameworks */ = {isa = PBXBuildFile; fileRef = 8204C3FB148080C40029F349 /* UIKit.framework */; };
		8204C3FE148080C40029F349 /* Foundation.framework in Frameworks */ = {isa = PBXBuildFile; fileRef = 8204C3FD148080C40029F349 /* Foundation.framework */; };
		8204C400148080C40029F349 /* CoreGraphics.framework in Frameworks */ = {isa = PBXBuildFile; fileRef = 8204C3FF148080C40029F349 /* CoreGraphics.framework */; };
		8204C406148080C40029F349 /* InfoPlist.strings in Resources */ = {isa = PBXBuildFile; fileRef = 8204C404148080C40029F349 /* InfoPlist.strings */; };
		8204C408148080C40029F349 /* main.m in Sources */ = {isa = PBXBuildFile; fileRef = 8204C407148080C40029F349 /* main.m */; };
		8204C40C148080C40029F349 /* AppDelegate.m in Sources */ = {isa = PBXBuildFile; fileRef = 8204C40B148080C40029F349 /* AppDelegate.m */; };
		8214C5CE1486A84000B9CDB1 /* QuartzCore.framework in Frameworks */ = {isa = PBXBuildFile; fileRef = 8214C5CD1486A83F00B9CDB1 /* QuartzCore.framework */; };
		8218394D148569C000EF4AFE /* Airplane.m in Sources */ = {isa = PBXBuildFile; fileRef = 82183930148569C000EF4AFE /* Airplane.m */; };
		8218394E148569C000EF4AFE /* AirportController.m in Sources */ = {isa = PBXBuildFile; fileRef = 82183932148569C000EF4AFE /* AirportController.m */; };
		8218394F148569C000EF4AFE /* BasicAgent.m in Sources */ = {isa = PBXBuildFile; fileRef = 82183934148569C000EF4AFE /* BasicAgent.m */; };
		82183950148569C000EF4AFE /* BasicController.m in Sources */ = {isa = PBXBuildFile; fileRef = 82183936148569C000EF4AFE /* BasicController.m */; };
		82183951148569C000EF4AFE /* Environment.m in Sources */ = {isa = PBXBuildFile; fileRef = 82183938148569C000EF4AFE /* Environment.m */; };
		82183952148569C000EF4AFE /* Artifacts.m in Sources */ = {isa = PBXBuildFile; fileRef = 8218393C148569C000EF4AFE /* Artifacts.m */; };
		82183953148569C000EF4AFE /* ATCPoint.m in Sources */ = {isa = PBXBuildFile; fileRef = 8218393E148569C000EF4AFE /* ATCPoint.m */; };
		82183954148569C000EF4AFE /* ATCAirplaneInformation.m in Sources */ = {isa = PBXBuildFile; fileRef = 82183940148569C000EF4AFE /* ATCAirplaneInformation.m */; };
		82183955148569C000EF4AFE /* ATCZone.m in Sources */ = {isa = PBXBuildFile; fileRef = 82183942148569C000EF4AFE /* ATCZone.m */; };
		82183956148569C000EF4AFE /* ATCZoneBorderSegment.m in Sources */ = {isa = PBXBuildFile; fileRef = 82183944148569C000EF4AFE /* ATCZoneBorderSegment.m */; };
		82183957148569C000EF4AFE /* Constants.m in Sources */ = {isa = PBXBuildFile; fileRef = 82183946148569C000EF4AFE /* Constants.m */; };
		82183958148569C000EF4AFE /* ZoneController.m in Sources */ = {isa = PBXBuildFile; fileRef = 82183948148569C000EF4AFE /* ZoneController.m */; };
		82183959148569C000EF4AFE /* MainInterfaceController.m in Sources */ = {isa = PBXBuildFile; fileRef = 8218394A148569C000EF4AFE /* MainInterfaceController.m */; };
		8218395A148569C000EF4AFE /* MainInterfaceController.xib in Resources */ = {isa = PBXBuildFile; fileRef = 8218394B148569C000EF4AFE /* MainInterfaceController.xib */; };
		8218395B148569C000EF4AFE /* MainWindow.xib in Resources */ = {isa = PBXBuildFile; fileRef = 8218394C148569C000EF4AFE /* MainWindow.xib */; };
		8218395E14856CCD00EF4AFE /* airplane.png in Resources */ = {isa = PBXBuildFile; fileRef = 8218395D14856CCD00EF4AFE /* airplane.png */; };
/* End PBXBuildFile section */

/* Begin PBXFileReference section */
		8204C3F7148080C40029F349 /* ATCSimulation.app */ = {isa = PBXFileReference; explicitFileType = wrapper.application; includeInIndex = 0; path = ATCSimulation.app; sourceTree = BUILT_PRODUCTS_DIR; };
		8204C3FB148080C40029F349 /* UIKit.framework */ = {isa = PBXFileReference; lastKnownFileType = wrapper.framework; name = UIKit.framework; path = System/Library/Frameworks/UIKit.framework; sourceTree = SDKROOT; };
		8204C3FD148080C40029F349 /* Foundation.framework */ = {isa = PBXFileReference; lastKnownFileType = wrapper.framework; name = Foundation.framework; path = System/Library/Frameworks/Foundation.framework; sourceTree = SDKROOT; };
		8204C3FF148080C40029F349 /* CoreGraphics.framework */ = {isa = PBXFileReference; lastKnownFileType = wrapper.framework; name = CoreGraphics.framework; path = System/Library/Frameworks/CoreGraphics.framework; sourceTree = SDKROOT; };
		8204C403148080C40029F349 /* ATCSimulation-Info.plist */ = {isa = PBXFileReference; lastKnownFileType = text.plist.xml; path = "ATCSimulation-Info.plist"; sourceTree = "<group>"; };
		8204C405148080C40029F349 /* en */ = {isa = PBXFileReference; lastKnownFileType = text.plist.strings; name = en; path = en.lproj/InfoPlist.strings; sourceTree = "<group>"; };
		8204C407148080C40029F349 /* main.m */ = {isa = PBXFileReference; lastKnownFileType = sourcecode.c.objc; path = main.m; sourceTree = "<group>"; };
		8204C409148080C40029F349 /* ATCSimulation-Prefix.pch */ = {isa = PBXFileReference; lastKnownFileType = sourcecode.c.h; path = "ATCSimulation-Prefix.pch"; sourceTree = "<group>"; };
		8204C40A148080C40029F349 /* AppDelegate.h */ = {isa = PBXFileReference; lastKnownFileType = sourcecode.c.h; path = AppDelegate.h; sourceTree = "<group>"; };
		8204C40B148080C40029F349 /* AppDelegate.m */ = {isa = PBXFileReference; lastKnownFileType = sourcecode.c.objc; path = AppDelegate.m; sourceTree = "<group>"; };
		8214C5CD1486A83F00B9CDB1 /* QuartzCore.framework */ = {isa = PBXFileReference; lastKnownFileType = wrapper.framework; name = QuartzCore.framework; path = System/Library/Frameworks/QuartzCore.framework; sourceTree = SDKROOT; };
		8214C5D1148703E300B9CDB1 /* ControllerBehaviorDelegate.h */ = {isa = PBXFileReference; fileEncoding = 4; lastKnownFileType = sourcecode.c.h; name = ControllerBehaviorDelegate.h; path = ATCSimulation/Agents/ControllerBehaviorDelegate.h; sourceTree = "<group>"; };
		8218392F148569C000EF4AFE /* Airplane.h */ = {isa = PBXFileReference; fileEncoding = 4; lastKnownFileType = sourcecode.c.h; name = Airplane.h; path = ATCSimulation/Agents/Airplane.h; sourceTree = "<group>"; };
		82183930148569C000EF4AFE /* Airplane.m */ = {isa = PBXFileReference; fileEncoding = 4; lastKnownFileType = sourcecode.c.objc; name = Airplane.m; path = ATCSimulation/Agents/Airplane.m; sourceTree = "<group>"; };
		82183931148569C000EF4AFE /* AirportController.h */ = {isa = PBXFileReference; fileEncoding = 4; lastKnownFileType = sourcecode.c.h; name = AirportController.h; path = ATCSimulation/Agents/AirportController.h; sourceTree = "<group>"; };
		82183932148569C000EF4AFE /* AirportController.m */ = {isa = PBXFileReference; fileEncoding = 4; lastKnownFileType = sourcecode.c.objc; name = AirportController.m; path = ATCSimulation/Agents/AirportController.m; sourceTree = "<group>"; };
		82183933148569C000EF4AFE /* BasicAgent.h */ = {isa = PBXFileReference; fileEncoding = 4; lastKnownFileType = sourcecode.c.h; name = BasicAgent.h; path = ATCSimulation/Agents/BasicAgent.h; sourceTree = "<group>"; };
		82183934148569C000EF4AFE /* BasicAgent.m */ = {isa = PBXFileReference; fileEncoding = 4; lastKnownFileType = sourcecode.c.objc; name = BasicAgent.m; path = ATCSimulation/Agents/BasicAgent.m; sourceTree = "<group>"; };
		82183935148569C000EF4AFE /* BasicController.h */ = {isa = PBXFileReference; fileEncoding = 4; lastKnownFileType = sourcecode.c.h; name = BasicController.h; path = ATCSimulation/Agents/BasicController.h; sourceTree = "<group>"; };
		82183936148569C000EF4AFE /* BasicController.m */ = {isa = PBXFileReference; fileEncoding = 4; lastKnownFileType = sourcecode.c.objc; name = BasicController.m; path = ATCSimulation/Agents/BasicController.m; sourceTree = "<group>"; };
		82183937148569C000EF4AFE /* Environment.h */ = {isa = PBXFileReference; fileEncoding = 4; lastKnownFileType = sourcecode.c.h; name = Environment.h; path = ATCSimulation/Agents/Environment.h; sourceTree = "<group>"; };
		82183938148569C000EF4AFE /* Environment.m */ = {isa = PBXFileReference; fileEncoding = 4; lastKnownFileType = sourcecode.c.objc; name = Environment.m; path = ATCSimulation/Agents/Environment.m; sourceTree = "<group>"; };
		82183939148569C000EF4AFE /* AgentBehaviorDelegate.h */ = {isa = PBXFileReference; fileEncoding = 4; lastKnownFileType = sourcecode.c.h; name = AgentBehaviorDelegate.h; path = ATCSimulation/Agents/AgentBehaviorDelegate.h; sourceTree = "<group>"; };
		8218393B148569C000EF4AFE /* Artifacts.h */ = {isa = PBXFileReference; fileEncoding = 4; lastKnownFileType = sourcecode.c.h; path = Artifacts.h; sourceTree = "<group>"; };
		8218393C148569C000EF4AFE /* Artifacts.m */ = {isa = PBXFileReference; fileEncoding = 4; lastKnownFileType = sourcecode.c.objc; path = Artifacts.m; sourceTree = "<group>"; };
		8218393D148569C000EF4AFE /* ATCPoint.h */ = {isa = PBXFileReference; fileEncoding = 4; lastKnownFileType = sourcecode.c.h; name = ATCPoint.h; path = ATCSimulation/Agents/Utils/ATCPoint.h; sourceTree = "<group>"; };
		8218393E148569C000EF4AFE /* ATCPoint.m */ = {isa = PBXFileReference; fileEncoding = 4; lastKnownFileType = sourcecode.c.objc; name = ATCPoint.m; path = ATCSimulation/Agents/Utils/ATCPoint.m; sourceTree = "<group>"; };
		8218393F148569C000EF4AFE /* ATCAirplaneInformation.h */ = {isa = PBXFileReference; fileEncoding = 4; lastKnownFileType = sourcecode.c.h; name = ATCAirplaneInformation.h; path = ATCSimulation/Agents/Utils/ATCAirplaneInformation.h; sourceTree = "<group>"; };
		82183940148569C000EF4AFE /* ATCAirplaneInformation.m */ = {isa = PBXFileReference; fileEncoding = 4; lastKnownFileType = sourcecode.c.objc; name = ATCAirplaneInformation.m; path = ATCSimulation/Agents/Utils/ATCAirplaneInformation.m; sourceTree = "<group>"; };
		82183941148569C000EF4AFE /* ATCZone.h */ = {isa = PBXFileReference; fileEncoding = 4; lastKnownFileType = sourcecode.c.h; name = ATCZone.h; path = ATCSimulation/Agents/Utils/ATCZone.h; sourceTree = "<group>"; };
		82183942148569C000EF4AFE /* ATCZone.m */ = {isa = PBXFileReference; fileEncoding = 4; lastKnownFileType = sourcecode.c.objc; name = ATCZone.m; path = ATCSimulation/Agents/Utils/ATCZone.m; sourceTree = "<group>"; };
		82183943148569C000EF4AFE /* ATCZoneBorderSegment.h */ = {isa = PBXFileReference; fileEncoding = 4; lastKnownFileType = sourcecode.c.h; name = ATCZoneBorderSegment.h; path = ATCSimulation/Agents/Utils/ATCZoneBorderSegment.h; sourceTree = "<group>"; };
		82183944148569C000EF4AFE /* ATCZoneBorderSegment.m */ = {isa = PBXFileReference; fileEncoding = 4; lastKnownFileType = sourcecode.c.objc; name = ATCZoneBorderSegment.m; path = ATCSimulation/Agents/Utils/ATCZoneBorderSegment.m; sourceTree = "<group>"; };
		82183945148569C000EF4AFE /* Constants.h */ = {isa = PBXFileReference; fileEncoding = 4; lastKnownFileType = sourcecode.c.h; path = Constants.h; sourceTree = "<group>"; };
		82183946148569C000EF4AFE /* Constants.m */ = {isa = PBXFileReference; fileEncoding = 4; lastKnownFileType = sourcecode.c.objc; path = Constants.m; sourceTree = "<group>"; };
		82183947148569C000EF4AFE /* ZoneController.h */ = {isa = PBXFileReference; fileEncoding = 4; lastKnownFileType = sourcecode.c.h; name = ZoneController.h; path = ATCSimulation/Agents/ZoneController.h; sourceTree = "<group>"; };
		82183948148569C000EF4AFE /* ZoneController.m */ = {isa = PBXFileReference; fileEncoding = 4; lastKnownFileType = sourcecode.c.objc; name = ZoneController.m; path = ATCSimulation/Agents/ZoneController.m; sourceTree = "<group>"; };
		82183949148569C000EF4AFE /* MainInterfaceController.h */ = {isa = PBXFileReference; fileEncoding = 4; lastKnownFileType = sourcecode.c.h; path = MainInterfaceController.h; sourceTree = "<group>"; };
		8218394A148569C000EF4AFE /* MainInterfaceController.m */ = {isa = PBXFileReference; fileEncoding = 4; lastKnownFileType = sourcecode.c.objc; path = MainInterfaceController.m; sourceTree = "<group>"; };
		8218394B148569C000EF4AFE /* MainInterfaceController.xib */ = {isa = PBXFileReference; fileEncoding = 4; lastKnownFileType = file.xib; path = MainInterfaceController.xib; sourceTree = "<group>"; };
		8218394C148569C000EF4AFE /* MainWindow.xib */ = {isa = PBXFileReference; fileEncoding = 4; lastKnownFileType = file.xib; path = MainWindow.xib; sourceTree = "<group>"; };
		8218395D14856CCD00EF4AFE /* airplane.png */ = {isa = PBXFileReference; lastKnownFileType = image.png; name = airplane.png; path = Pictures/airplane.png; sourceTree = SOURCE_ROOT; };
		82EBC2C714852B90009D87FE /* EnvironmentDisplayDelegate.h */ = {isa = PBXFileReference; fileEncoding = 4; lastKnownFileType = sourcecode.c.h; path = EnvironmentDisplayDelegate.h; sourceTree = "<group>"; };
/* End PBXFileReference section */

/* Begin PBXFrameworksBuildPhase section */
		8204C3F4148080C40029F349 /* Frameworks */ = {
			isa = PBXFrameworksBuildPhase;
			buildActionMask = 2147483647;
			files = (
				8214C5CE1486A84000B9CDB1 /* QuartzCore.framework in Frameworks */,
				8204C3FC148080C40029F349 /* UIKit.framework in Frameworks */,
				8204C3FE148080C40029F349 /* Foundation.framework in Frameworks */,
				8204C400148080C40029F349 /* CoreGraphics.framework in Frameworks */,
			);
			runOnlyForDeploymentPostprocessing = 0;
		};
/* End PBXFrameworksBuildPhase section */

/* Begin PBXGroup section */
		8204C3EC148080C30029F349 = {
			isa = PBXGroup;
			children = (
				8204C43514809EEE0029F349 /* Simulation */,
				8204C401148080C40029F349 /* ATCSimulation */,
				8204C3FA148080C40029F349 /* Frameworks */,
				8204C3F8148080C40029F349 /* Products */,
			);
			sourceTree = "<group>";
		};
		8204C3F8148080C40029F349 /* Products */ = {
			isa = PBXGroup;
			children = (
				8204C3F7148080C40029F349 /* ATCSimulation.app */,
			);
			name = Products;
			sourceTree = "<group>";
		};
		8204C3FA148080C40029F349 /* Frameworks */ = {
			isa = PBXGroup;
			children = (
				8214C5CD1486A83F00B9CDB1 /* QuartzCore.framework */,
				8204C3FB148080C40029F349 /* UIKit.framework */,
				8204C3FD148080C40029F349 /* Foundation.framework */,
				8204C3FF148080C40029F349 /* CoreGraphics.framework */,
			);
			name = Frameworks;
			sourceTree = "<group>";
		};
		8204C401148080C40029F349 /* ATCSimulation */ = {
			isa = PBXGroup;
			children = (
				82183949148569C000EF4AFE /* MainInterfaceController.h */,
				8218394A148569C000EF4AFE /* MainInterfaceController.m */,
				8218394B148569C000EF4AFE /* MainInterfaceController.xib */,
				82EBC2C714852B90009D87FE /* EnvironmentDisplayDelegate.h */,
				8204C40A148080C40029F349 /* AppDelegate.h */,
				8204C40B148080C40029F349 /* AppDelegate.m */,
				8218394C148569C000EF4AFE /* MainWindow.xib */,
				8204C402148080C40029F349 /* Supporting Files */,
			);
			path = ATCSimulation;
			sourceTree = "<group>";
		};
		8204C402148080C40029F349 /* Supporting Files */ = {
			isa = PBXGroup;
			children = (
				8218395D14856CCD00EF4AFE /* airplane.png */,
				8204C403148080C40029F349 /* ATCSimulation-Info.plist */,
				8204C404148080C40029F349 /* InfoPlist.strings */,
				8204C407148080C40029F349 /* main.m */,
				8204C409148080C40029F349 /* ATCSimulation-Prefix.pch */,
			);
			name = "Supporting Files";
			sourceTree = "<group>";
		};
		8204C412148086E00029F349 /* Agents */ = {
			isa = PBXGroup;
			children = (
				8218392F148569C000EF4AFE /* Airplane.h */,
				82183930148569C000EF4AFE /* Airplane.m */,
				82183933148569C000EF4AFE /* BasicAgent.h */,
				82183934148569C000EF4AFE /* BasicAgent.m */,
				82183939148569C000EF4AFE /* AgentBehaviorDelegate.h */,
				8204C41F148088750029F349 /* Controllers */,
			);
			name = Agents;
			sourceTree = "<group>";
		};
		8204C41F148088750029F349 /* Controllers */ = {
			isa = PBXGroup;
			children = (
				82183931148569C000EF4AFE /* AirportController.h */,
				82183932148569C000EF4AFE /* AirportController.m */,
				82183947148569C000EF4AFE /* ZoneController.h */,
				82183948148569C000EF4AFE /* ZoneController.m */,
				82183935148569C000EF4AFE /* BasicController.h */,
				82183936148569C000EF4AFE /* BasicController.m */,
				8214C5D1148703E300B9CDB1 /* ControllerBehaviorDelegate.h */,
			);
			name = Controllers;
			sourceTree = "<group>";
		};
		8204C43514809EEE0029F349 /* Simulation */ = {
			isa = PBXGroup;
			children = (
				8218393A148569C000EF4AFE /* Utils */,
				8204C412148086E00029F349 /* Agents */,
				8204C43614809F400029F349 /* Environment */,
			);
			name = Simulation;
			sourceTree = "<group>";
		};
		8204C43614809F400029F349 /* Environment */ = {
			isa = PBXGroup;
			children = (
				82183937148569C000EF4AFE /* Environment.h */,
				82183938148569C000EF4AFE /* Environment.m */,
				8221703D1483239600BAADCC /* Zone */,
			);
			name = Environment;
			sourceTree = "<group>";
		};
		8218393A148569C000EF4AFE /* Utils */ = {
			isa = PBXGroup;
			children = (
				8218393B148569C000EF4AFE /* Artifacts.h */,
				8218393C148569C000EF4AFE /* Artifacts.m */,
				82183945148569C000EF4AFE /* Constants.h */,
				82183946148569C000EF4AFE /* Constants.m */,
			);
			name = Utils;
			path = ATCSimulation/Agents/Utils;
			sourceTree = "<group>";
		};
		8221703D1483239600BAADCC /* Zone */ = {
			isa = PBXGroup;
			children = (
				8218393D148569C000EF4AFE /* ATCPoint.h */,
				8218393E148569C000EF4AFE /* ATCPoint.m */,
				8218393F148569C000EF4AFE /* ATCAirplaneInformation.h */,
				82183940148569C000EF4AFE /* ATCAirplaneInformation.m */,
				82183941148569C000EF4AFE /* ATCZone.h */,
				82183942148569C000EF4AFE /* ATCZone.m */,
				82183943148569C000EF4AFE /* ATCZoneBorderSegment.h */,
				82183944148569C000EF4AFE /* ATCZoneBorderSegment.m */,
			);
			name = Zone;
			sourceTree = "<group>";
		};
/* End PBXGroup section */

/* Begin PBXNativeTarget section */
		8204C3F6148080C40029F349 /* ATCSimulation */ = {
			isa = PBXNativeTarget;
			buildConfigurationList = 8204C40F148080C40029F349 /* Build configuration list for PBXNativeTarget "ATCSimulation" */;
			buildPhases = (
				8204C3F3148080C40029F349 /* Sources */,
				8204C3F4148080C40029F349 /* Frameworks */,
				8204C3F5148080C40029F349 /* Resources */,
			);
			buildRules = (
			);
			dependencies = (
			);
			name = ATCSimulation;
			productName = ATCSimulation;
			productReference = 8204C3F7148080C40029F349 /* ATCSimulation.app */;
			productType = "com.apple.product-type.application";
		};
/* End PBXNativeTarget section */

/* Begin PBXProject section */
		8204C3EE148080C30029F349 /* Project object */ = {
			isa = PBXProject;
			attributes = {
				LastUpgradeCheck = 0420;
			};
			buildConfigurationList = 8204C3F1148080C30029F349 /* Build configuration list for PBXProject "ATCSimulation" */;
			compatibilityVersion = "Xcode 3.2";
			developmentRegion = English;
			hasScannedForEncodings = 0;
			knownRegions = (
				en,
			);
			mainGroup = 8204C3EC148080C30029F349;
			productRefGroup = 8204C3F8148080C40029F349 /* Products */;
			projectDirPath = "";
			projectRoot = "";
			targets = (
				8204C3F6148080C40029F349 /* ATCSimulation */,
			);
		};
/* End PBXProject section */

/* Begin PBXResourcesBuildPhase section */
		8204C3F5148080C40029F349 /* Resources */ = {
			isa = PBXResourcesBuildPhase;
			buildActionMask = 2147483647;
			files = (
				8204C406148080C40029F349 /* InfoPlist.strings in Resources */,
				8218395A148569C000EF4AFE /* MainInterfaceController.xib in Resources */,
				8218395B148569C000EF4AFE /* MainWindow.xib in Resources */,
				8218395E14856CCD00EF4AFE /* airplane.png in Resources */,
			);
			runOnlyForDeploymentPostprocessing = 0;
		};
/* End PBXResourcesBuildPhase section */

/* Begin PBXSourcesBuildPhase section */
		8204C3F3148080C40029F349 /* Sources */ = {
			isa = PBXSourcesBuildPhase;
			buildActionMask = 2147483647;
			files = (
				8204C408148080C40029F349 /* main.m in Sources */,
				8204C40C148080C40029F349 /* AppDelegate.m in Sources */,
				8218394D148569C000EF4AFE /* Airplane.m in Sources */,
				8218394E148569C000EF4AFE /* AirportController.m in Sources */,
				8218394F148569C000EF4AFE /* BasicAgent.m in Sources */,
				82183950148569C000EF4AFE /* BasicController.m in Sources */,
				82183951148569C000EF4AFE /* Environment.m in Sources */,
				82183952148569C000EF4AFE /* Artifacts.m in Sources */,
				82183953148569C000EF4AFE /* ATCPoint.m in Sources */,
				82183954148569C000EF4AFE /* ATCAirplaneInformation.m in Sources */,
				82183955148569C000EF4AFE /* ATCZone.m in Sources */,
				82183956148569C000EF4AFE /* ATCZoneBorderSegment.m in Sources */,
				82183957148569C000EF4AFE /* Constants.m in Sources */,
				82183958148569C000EF4AFE /* ZoneController.m in Sources */,
				82183959148569C000EF4AFE /* MainInterfaceController.m in Sources */,
			);
			runOnlyForDeploymentPostprocessing = 0;
		};
/* End PBXSourcesBuildPhase section */

/* Begin PBXVariantGroup section */
		8204C404148080C40029F349 /* InfoPlist.strings */ = {
			isa = PBXVariantGroup;
			children = (
				8204C405148080C40029F349 /* en */,
			);
			name = InfoPlist.strings;
			sourceTree = "<group>";
		};
/* End PBXVariantGroup section */

/* Begin XCBuildConfiguration section */
		8204C40D148080C40029F349 /* Debug */ = {
			isa = XCBuildConfiguration;
			buildSettings = {
				ALWAYS_SEARCH_USER_PATHS = NO;
				ARCHS = "$(ARCHS_STANDARD_32_BIT)";
				"CODE_SIGN_IDENTITY[sdk=iphoneos*]" = "iPhone Developer";
				COPY_PHASE_STRIP = NO;
				GCC_C_LANGUAGE_STANDARD = gnu99;
				GCC_DYNAMIC_NO_PIC = NO;
				GCC_OPTIMIZATION_LEVEL = 0;
				GCC_PREPROCESSOR_DEFINITIONS = (
					"DEBUG=1",
					"$(inherited)",
				);
				GCC_SYMBOLS_PRIVATE_EXTERN = NO;
				GCC_VERSION = com.apple.compilers.llvm.clang.1_0;
				GCC_WARN_ABOUT_MISSING_PROTOTYPES = YES;
				GCC_WARN_ABOUT_RETURN_TYPE = YES;
				GCC_WARN_UNUSED_VARIABLE = YES;
				IPHONEOS_DEPLOYMENT_TARGET = 5.0;
				SDKROOT = iphoneos;
				TARGETED_DEVICE_FAMILY = 2;
			};
			name = Debug;
		};
		8204C40E148080C40029F349 /* Release */ = {
			isa = XCBuildConfiguration;
			buildSettings = {
				ALWAYS_SEARCH_USER_PATHS = NO;
				ARCHS = "$(ARCHS_STANDARD_32_BIT)";
				"CODE_SIGN_IDENTITY[sdk=iphoneos*]" = "iPhone Developer";
				COPY_PHASE_STRIP = YES;
				GCC_C_LANGUAGE_STANDARD = gnu99;
				GCC_VERSION = com.apple.compilers.llvm.clang.1_0;
				GCC_WARN_ABOUT_MISSING_PROTOTYPES = YES;
				GCC_WARN_ABOUT_RETURN_TYPE = YES;
				GCC_WARN_UNUSED_VARIABLE = YES;
				IPHONEOS_DEPLOYMENT_TARGET = 5.0;
				OTHER_CFLAGS = "-DNS_BLOCK_ASSERTIONS=1";
				SDKROOT = iphoneos;
				TARGETED_DEVICE_FAMILY = 2;
				VALIDATE_PRODUCT = YES;
			};
			name = Release;
		};
		8204C410148080C40029F349 /* Debug */ = {
			isa = XCBuildConfiguration;
			buildSettings = {
				GCC_PRECOMPILE_PREFIX_HEADER = YES;
				GCC_PREFIX_HEADER = "ATCSimulation/ATCSimulation-Prefix.pch";
				INFOPLIST_FILE = "ATCSimulation/ATCSimulation-Info.plist";
				PRODUCT_NAME = "$(TARGET_NAME)";
				WRAPPER_EXTENSION = app;
			};
			name = Debug;
		};
		8204C411148080C40029F349 /* Release */ = {
			isa = XCBuildConfiguration;
			buildSettings = {
				GCC_PRECOMPILE_PREFIX_HEADER = YES;
				GCC_PREFIX_HEADER = "ATCSimulation/ATCSimulation-Prefix.pch";
				INFOPLIST_FILE = "ATCSimulation/ATCSimulation-Info.plist";
				PRODUCT_NAME = "$(TARGET_NAME)";
				WRAPPER_EXTENSION = app;
			};
			name = Release;
		};
/* End XCBuildConfiguration section */

/* Begin XCConfigurationList section */
		8204C3F1148080C30029F349 /* Build configuration list for PBXProject "ATCSimulation" */ = {
			isa = XCConfigurationList;
			buildConfigurations = (
				8204C40D148080C40029F349 /* Debug */,
				8204C40E148080C40029F349 /* Release */,
			);
			defaultConfigurationIsVisible = 0;
			defaultConfigurationName = Release;
		};
		8204C40F148080C40029F349 /* Build configuration list for PBXNativeTarget "ATCSimulation" */ = {
			isa = XCConfigurationList;
			buildConfigurations = (
				8204C410148080C40029F349 /* Debug */,
				8204C411148080C40029F349 /* Release */,
			);
			defaultConfigurationIsVisible = 0;
			defaultConfigurationName = Release;
		};
/* End XCConfigurationList section */
	};
	rootObject = 8204C3EE148080C30029F349 /* Project object */;
}
