// !$*UTF8*$!
{
	archiveVersion = 1;
	classes = {
	};
	objectVersion = 46;
	objects = {

/* Begin PBXBuildFile section */
		8204C3FC148080C40029F349 /* UIKit.framework in Frameworks */ = {isa = PBXBuildFile; fileRef = 8204C3FB148080C40029F349 /* UIKit.framework */; };
		8204C3FE148080C40029F349 /* Foundation.framework in Frameworks */ = {isa = PBXBuildFile; fileRef = 8204C3FD148080C40029F349 /* Foundation.framework */; };
		8204C400148080C40029F349 /* CoreGraphics.framework in Frameworks */ = {isa = PBXBuildFile; fileRef = 8204C3FF148080C40029F349 /* CoreGraphics.framework */; };
		8204C406148080C40029F349 /* InfoPlist.strings in Resources */ = {isa = PBXBuildFile; fileRef = 8204C404148080C40029F349 /* InfoPlist.strings */; };
		8204C408148080C40029F349 /* main.m in Sources */ = {isa = PBXBuildFile; fileRef = 8204C407148080C40029F349 /* main.m */; };
		8204C40C148080C40029F349 /* AppDelegate.m in Sources */ = {isa = PBXBuildFile; fileRef = 8204C40B148080C40029F349 /* AppDelegate.m */; };
		8204C4151480870C0029F349 /* ZoneController.m in Sources */ = {isa = PBXBuildFile; fileRef = 8204C4141480870C0029F349 /* ZoneController.m */; };
		8204C4181480871C0029F349 /* BasicAgent.m in Sources */ = {isa = PBXBuildFile; fileRef = 8204C4171480871C0029F349 /* BasicAgent.m */; };
		8204C41B148088300029F349 /* BasicController.m in Sources */ = {isa = PBXBuildFile; fileRef = 8204C41A148088300029F349 /* BasicController.m */; };
		8204C41E148088580029F349 /* Airplane.m in Sources */ = {isa = PBXBuildFile; fileRef = 8204C41D148088580029F349 /* Airplane.m */; };
		8204C4221480888A0029F349 /* AirportController.m in Sources */ = {isa = PBXBuildFile; fileRef = 8204C4211480888A0029F349 /* AirportController.m */; };
		8204C42914808CDB0029F349 /* Constants.m in Sources */ = {isa = PBXBuildFile; fileRef = 8204C42814808CDB0029F349 /* Constants.m */; };
		8204C43414809EE20029F349 /* Environment.m in Sources */ = {isa = PBXBuildFile; fileRef = 8204C43314809EE20029F349 /* Environment.m */; };
		8204C43A148199E30029F349 /* ATCPosition.m in Sources */ = {isa = PBXBuildFile; fileRef = 8204C439148199E20029F349 /* ATCPosition.m */; };
		8204C4461482002D0029F349 /* Artifacts.m in Sources */ = {isa = PBXBuildFile; fileRef = 8204C4451482002D0029F349 /* Artifacts.m */; };
		822170301482F3D000BAADCC /* ATCZone.m in Sources */ = {isa = PBXBuildFile; fileRef = 8221702F1482F3CF00BAADCC /* ATCZone.m */; };
		82217038148310F400BAADCC /* ATCPoint.m in Sources */ = {isa = PBXBuildFile; fileRef = 82217037148310F400BAADCC /* ATCPoint.m */; };
		8221703C148315FC00BAADCC /* ATCZoneBorderSegment.m in Sources */ = {isa = PBXBuildFile; fileRef = 8221703B148315FC00BAADCC /* ATCZoneBorderSegment.m */; };
		822170481484A8B400BAADCC /* MainInterfaceController.m in Sources */ = {isa = PBXBuildFile; fileRef = 822170461484A8B400BAADCC /* MainInterfaceController.m */; };
		822170491484A8B400BAADCC /* MainInterfaceController.xib in Resources */ = {isa = PBXBuildFile; fileRef = 822170471484A8B400BAADCC /* MainInterfaceController.xib */; };
		82D62E9A1484B52D0022DD23 /* MainWindow.xib in Resources */ = {isa = PBXBuildFile; fileRef = 82D62E991484B52D0022DD23 /* MainWindow.xib */; };
/* End PBXBuildFile section */

/* Begin PBXFileReference section */
		8204C3F7148080C40029F349 /* ATCSimulation.app */ = {isa = PBXFileReference; explicitFileType = wrapper.application; includeInIndex = 0; path = ATCSimulation.app; sourceTree = BUILT_PRODUCTS_DIR; };
		8204C3FB148080C40029F349 /* UIKit.framework */ = {isa = PBXFileReference; lastKnownFileType = wrapper.framework; name = UIKit.framework; path = System/Library/Frameworks/UIKit.framework; sourceTree = SDKROOT; };
		8204C3FD148080C40029F349 /* Foundation.framework */ = {isa = PBXFileReference; lastKnownFileType = wrapper.framework; name = Foundation.framework; path = System/Library/Frameworks/Foundation.framework; sourceTree = SDKROOT; };
		8204C3FF148080C40029F349 /* CoreGraphics.framework */ = {isa = PBXFileReference; lastKnownFileType = wrapper.framework; name = CoreGraphics.framework; path = System/Library/Frameworks/CoreGraphics.framework; sourceTree = SDKROOT; };
		8204C403148080C40029F349 /* ATCSimulation-Info.plist */ = {isa = PBXFileReference; lastKnownFileType = text.plist.xml; path = "ATCSimulation-Info.plist"; sourceTree = "<group>"; };
		8204C405148080C40029F349 /* en */ = {isa = PBXFileReference; lastKnownFileType = text.plist.strings; name = en; path = en.lproj/InfoPlist.strings; sourceTree = "<group>"; };
		8204C407148080C40029F349 /* main.m */ = {isa = PBXFileReference; lastKnownFileType = sourcecode.c.objc; path = main.m; sourceTree = "<group>"; };
		8204C409148080C40029F349 /* ATCSimulation-Prefix.pch */ = {isa = PBXFileReference; lastKnownFileType = sourcecode.c.h; path = "ATCSimulation-Prefix.pch"; sourceTree = "<group>"; };
		8204C40A148080C40029F349 /* AppDelegate.h */ = {isa = PBXFileReference; lastKnownFileType = sourcecode.c.h; path = AppDelegate.h; sourceTree = "<group>"; };
		8204C40B148080C40029F349 /* AppDelegate.m */ = {isa = PBXFileReference; lastKnownFileType = sourcecode.c.objc; path = AppDelegate.m; sourceTree = "<group>"; };
		8204C4131480870C0029F349 /* ZoneController.h */ = {isa = PBXFileReference; fileEncoding = 4; lastKnownFileType = sourcecode.c.h; path = ZoneController.h; sourceTree = "<group>"; };
		8204C4141480870C0029F349 /* ZoneController.m */ = {isa = PBXFileReference; fileEncoding = 4; lastKnownFileType = sourcecode.c.objc; path = ZoneController.m; sourceTree = "<group>"; };
		8204C4161480871C0029F349 /* BasicAgent.h */ = {isa = PBXFileReference; fileEncoding = 4; lastKnownFileType = sourcecode.c.h; path = BasicAgent.h; sourceTree = "<group>"; };
		8204C4171480871C0029F349 /* BasicAgent.m */ = {isa = PBXFileReference; fileEncoding = 4; lastKnownFileType = sourcecode.c.objc; path = BasicAgent.m; sourceTree = "<group>"; };
		8204C419148088300029F349 /* BasicController.h */ = {isa = PBXFileReference; fileEncoding = 4; lastKnownFileType = sourcecode.c.h; path = BasicController.h; sourceTree = "<group>"; };
		8204C41A148088300029F349 /* BasicController.m */ = {isa = PBXFileReference; fileEncoding = 4; lastKnownFileType = sourcecode.c.objc; path = BasicController.m; sourceTree = "<group>"; };
		8204C41C148088580029F349 /* Airplane.h */ = {isa = PBXFileReference; fileEncoding = 4; lastKnownFileType = sourcecode.c.h; path = Airplane.h; sourceTree = "<group>"; };
		8204C41D148088580029F349 /* Airplane.m */ = {isa = PBXFileReference; fileEncoding = 4; lastKnownFileType = sourcecode.c.objc; path = Airplane.m; sourceTree = "<group>"; };
		8204C4201480888A0029F349 /* AirportController.h */ = {isa = PBXFileReference; fileEncoding = 4; lastKnownFileType = sourcecode.c.h; path = AirportController.h; sourceTree = "<group>"; };
		8204C4211480888A0029F349 /* AirportController.m */ = {isa = PBXFileReference; fileEncoding = 4; lastKnownFileType = sourcecode.c.objc; path = AirportController.m; sourceTree = "<group>"; };
		8204C42714808CDB0029F349 /* Constants.h */ = {isa = PBXFileReference; fileEncoding = 4; lastKnownFileType = sourcecode.c.h; path = Constants.h; sourceTree = "<group>"; };
		8204C42814808CDB0029F349 /* Constants.m */ = {isa = PBXFileReference; fileEncoding = 4; lastKnownFileType = sourcecode.c.objc; path = Constants.m; sourceTree = "<group>"; };
		8204C43214809EE20029F349 /* Environment.h */ = {isa = PBXFileReference; fileEncoding = 4; lastKnownFileType = sourcecode.c.h; path = Environment.h; sourceTree = "<group>"; };
		8204C43314809EE20029F349 /* Environment.m */ = {isa = PBXFileReference; fileEncoding = 4; lastKnownFileType = sourcecode.c.objc; path = Environment.m; sourceTree = "<group>"; };
		8204C43714818C9B0029F349 /* MessageAnalyzerDelegate.h */ = {isa = PBXFileReference; fileEncoding = 4; lastKnownFileType = sourcecode.c.h; path = MessageAnalyzerDelegate.h; sourceTree = "<group>"; };
		8204C438148199E20029F349 /* ATCPosition.h */ = {isa = PBXFileReference; fileEncoding = 4; lastKnownFileType = sourcecode.c.h; path = ATCPosition.h; sourceTree = "<group>"; };
		8204C439148199E20029F349 /* ATCPosition.m */ = {isa = PBXFileReference; fileEncoding = 4; lastKnownFileType = sourcecode.c.objc; path = ATCPosition.m; sourceTree = "<group>"; };
		8204C4441482002D0029F349 /* Artifacts.h */ = {isa = PBXFileReference; fileEncoding = 4; lastKnownFileType = sourcecode.c.h; path = Artifacts.h; sourceTree = "<group>"; };
		8204C4451482002D0029F349 /* Artifacts.m */ = {isa = PBXFileReference; fileEncoding = 4; lastKnownFileType = sourcecode.c.objc; path = Artifacts.m; sourceTree = "<group>"; };
		8221702E1482F3CF00BAADCC /* ATCZone.h */ = {isa = PBXFileReference; fileEncoding = 4; lastKnownFileType = sourcecode.c.h; path = ATCZone.h; sourceTree = "<group>"; };
		8221702F1482F3CF00BAADCC /* ATCZone.m */ = {isa = PBXFileReference; fileEncoding = 4; lastKnownFileType = sourcecode.c.objc; path = ATCZone.m; sourceTree = "<group>"; };
		82217036148310F400BAADCC /* ATCPoint.h */ = {isa = PBXFileReference; fileEncoding = 4; lastKnownFileType = sourcecode.c.h; path = ATCPoint.h; sourceTree = "<group>"; };
		82217037148310F400BAADCC /* ATCPoint.m */ = {isa = PBXFileReference; fileEncoding = 4; lastKnownFileType = sourcecode.c.objc; path = ATCPoint.m; sourceTree = "<group>"; };
		8221703A148315FC00BAADCC /* ATCZoneBorderSegment.h */ = {isa = PBXFileReference; fileEncoding = 4; lastKnownFileType = sourcecode.c.h; path = ATCZoneBorderSegment.h; sourceTree = "<group>"; };
		8221703B148315FC00BAADCC /* ATCZoneBorderSegment.m */ = {isa = PBXFileReference; fileEncoding = 4; lastKnownFileType = sourcecode.c.objc; path = ATCZoneBorderSegment.m; sourceTree = "<group>"; };
		822170451484A8B400BAADCC /* MainInterfaceController.h */ = {isa = PBXFileReference; fileEncoding = 4; lastKnownFileType = sourcecode.c.h; name = MainInterfaceController.h; path = ../MainInterfaceController.h; sourceTree = "<group>"; };
		822170461484A8B400BAADCC /* MainInterfaceController.m */ = {isa = PBXFileReference; fileEncoding = 4; lastKnownFileType = sourcecode.c.objc; name = MainInterfaceController.m; path = ../MainInterfaceController.m; sourceTree = "<group>"; };
		822170471484A8B400BAADCC /* MainInterfaceController.xib */ = {isa = PBXFileReference; fileEncoding = 4; lastKnownFileType = file.xib; name = MainInterfaceController.xib; path = ../MainInterfaceController.xib; sourceTree = "<group>"; };
		82D62E991484B52D0022DD23 /* MainWindow.xib */ = {isa = PBXFileReference; fileEncoding = 4; lastKnownFileType = file.xib; name = MainWindow.xib; path = ../MainWindow.xib; sourceTree = "<group>"; };
/* End PBXFileReference section */

/* Begin PBXFrameworksBuildPhase section */
		8204C3F4148080C40029F349 /* Frameworks */ = {
			isa = PBXFrameworksBuildPhase;
			buildActionMask = 2147483647;
			files = (
				8204C3FC148080C40029F349 /* UIKit.framework in Frameworks */,
				8204C3FE148080C40029F349 /* Foundation.framework in Frameworks */,
				8204C400148080C40029F349 /* CoreGraphics.framework in Frameworks */,
			);
			runOnlyForDeploymentPostprocessing = 0;
		};
/* End PBXFrameworksBuildPhase section */

/* Begin PBXGroup section */
		8204C3EC148080C30029F349 = {
			isa = PBXGroup;
			children = (
				8204C43514809EEE0029F349 /* Simulation */,
				8204C401148080C40029F349 /* ATCSimulation */,
				8204C3FA148080C40029F349 /* Frameworks */,
				8204C3F8148080C40029F349 /* Products */,
			);
			sourceTree = "<group>";
		};
		8204C3F8148080C40029F349 /* Products */ = {
			isa = PBXGroup;
			children = (
				8204C3F7148080C40029F349 /* ATCSimulation.app */,
			);
			name = Products;
			sourceTree = "<group>";
		};
		8204C3FA148080C40029F349 /* Frameworks */ = {
			isa = PBXGroup;
			children = (
				8204C3FB148080C40029F349 /* UIKit.framework */,
				8204C3FD148080C40029F349 /* Foundation.framework */,
				8204C3FF148080C40029F349 /* CoreGraphics.framework */,
			);
			name = Frameworks;
			sourceTree = "<group>";
		};
		8204C401148080C40029F349 /* ATCSimulation */ = {
			isa = PBXGroup;
			children = (
				822170451484A8B400BAADCC /* MainInterfaceController.h */,
				822170461484A8B400BAADCC /* MainInterfaceController.m */,
				822170471484A8B400BAADCC /* MainInterfaceController.xib */,
				8204C40A148080C40029F349 /* AppDelegate.h */,
				8204C40B148080C40029F349 /* AppDelegate.m */,
				82D62E991484B52D0022DD23 /* MainWindow.xib */,
				8204C402148080C40029F349 /* Supporting Files */,
			);
			path = ATCSimulation;
			sourceTree = "<group>";
		};
		8204C402148080C40029F349 /* Supporting Files */ = {
			isa = PBXGroup;
			children = (
				8204C403148080C40029F349 /* ATCSimulation-Info.plist */,
				8204C404148080C40029F349 /* InfoPlist.strings */,
				8204C407148080C40029F349 /* main.m */,
				8204C409148080C40029F349 /* ATCSimulation-Prefix.pch */,
			);
			name = "Supporting Files";
			sourceTree = "<group>";
		};
		8204C412148086E00029F349 /* Agents */ = {
			isa = PBXGroup;
			children = (
				8204C41F148088750029F349 /* Controllers */,
				8204C41C148088580029F349 /* Airplane.h */,
				8204C41D148088580029F349 /* Airplane.m */,
				8204C4161480871C0029F349 /* BasicAgent.h */,
				8204C4171480871C0029F349 /* BasicAgent.m */,
				8204C43714818C9B0029F349 /* MessageAnalyzerDelegate.h */,
			);
			name = Agents;
			sourceTree = "<group>";
		};
		8204C41F148088750029F349 /* Controllers */ = {
			isa = PBXGroup;
			children = (
				8204C4131480870C0029F349 /* ZoneController.h */,
				8204C4141480870C0029F349 /* ZoneController.m */,
				8204C419148088300029F349 /* BasicController.h */,
				8204C41A148088300029F349 /* BasicController.m */,
				8204C4201480888A0029F349 /* AirportController.h */,
				8204C4211480888A0029F349 /* AirportController.m */,
			);
			name = Controllers;
			sourceTree = "<group>";
		};
		8204C43514809EEE0029F349 /* Simulation */ = {
			isa = PBXGroup;
			children = (
				8204C412148086E00029F349 /* Agents */,
				8204C43614809F400029F349 /* Environment */,
			);
			name = Simulation;
			sourceTree = "<group>";
		};
		8204C43614809F400029F349 /* Environment */ = {
			isa = PBXGroup;
			children = (
				8204C42714808CDB0029F349 /* Constants.h */,
				8204C42814808CDB0029F349 /* Constants.m */,
				8204C43214809EE20029F349 /* Environment.h */,
				8204C43314809EE20029F349 /* Environment.m */,
				8204C4441482002D0029F349 /* Artifacts.h */,
				8204C4451482002D0029F349 /* Artifacts.m */,
				8221703D1483239600BAADCC /* Zone */,
			);
			name = Environment;
			sourceTree = "<group>";
		};
		8221703D1483239600BAADCC /* Zone */ = {
			isa = PBXGroup;
			children = (
				8221702E1482F3CF00BAADCC /* ATCZone.h */,
				8221702F1482F3CF00BAADCC /* ATCZone.m */,
				8221703A148315FC00BAADCC /* ATCZoneBorderSegment.h */,
				8221703B148315FC00BAADCC /* ATCZoneBorderSegment.m */,
				82217036148310F400BAADCC /* ATCPoint.h */,
				82217037148310F400BAADCC /* ATCPoint.m */,
				8204C438148199E20029F349 /* ATCPosition.h */,
				8204C439148199E20029F349 /* ATCPosition.m */,
			);
			name = Zone;
			sourceTree = "<group>";
		};
/* End PBXGroup section */

/* Begin PBXNativeTarget section */
		8204C3F6148080C40029F349 /* ATCSimulation */ = {
			isa = PBXNativeTarget;
			buildConfigurationList = 8204C40F148080C40029F349 /* Build configuration list for PBXNativeTarget "ATCSimulation" */;
			buildPhases = (
				8204C3F3148080C40029F349 /* Sources */,
				8204C3F4148080C40029F349 /* Frameworks */,
				8204C3F5148080C40029F349 /* Resources */,
			);
			buildRules = (
			);
			dependencies = (
			);
			name = ATCSimulation;
			productName = ATCSimulation;
			productReference = 8204C3F7148080C40029F349 /* ATCSimulation.app */;
			productType = "com.apple.product-type.application";
		};
/* End PBXNativeTarget section */

/* Begin PBXProject section */
		8204C3EE148080C30029F349 /* Project object */ = {
			isa = PBXProject;
			attributes = {
				LastUpgradeCheck = 0420;
			};
			buildConfigurationList = 8204C3F1148080C30029F349 /* Build configuration list for PBXProject "ATCSimulation" */;
			compatibilityVersion = "Xcode 3.2";
			developmentRegion = English;
			hasScannedForEncodings = 0;
			knownRegions = (
				en,
			);
			mainGroup = 8204C3EC148080C30029F349;
			productRefGroup = 8204C3F8148080C40029F349 /* Products */;
			projectDirPath = "";
			projectRoot = "";
			targets = (
				8204C3F6148080C40029F349 /* ATCSimulation */,
			);
		};
/* End PBXProject section */

/* Begin PBXResourcesBuildPhase section */
		8204C3F5148080C40029F349 /* Resources */ = {
			isa = PBXResourcesBuildPhase;
			buildActionMask = 2147483647;
			files = (
				8204C406148080C40029F349 /* InfoPlist.strings in Resources */,
				822170491484A8B400BAADCC /* MainInterfaceController.xib in Resources */,
				82D62E9A1484B52D0022DD23 /* MainWindow.xib in Resources */,
			);
			runOnlyForDeploymentPostprocessing = 0;
		};
/* End PBXResourcesBuildPhase section */

/* Begin PBXSourcesBuildPhase section */
		8204C3F3148080C40029F349 /* Sources */ = {
			isa = PBXSourcesBuildPhase;
			buildActionMask = 2147483647;
			files = (
				8204C408148080C40029F349 /* main.m in Sources */,
				8204C40C148080C40029F349 /* AppDelegate.m in Sources */,
				8204C4151480870C0029F349 /* ZoneController.m in Sources */,
				8204C4181480871C0029F349 /* BasicAgent.m in Sources */,
				8204C41B148088300029F349 /* BasicController.m in Sources */,
				8204C41E148088580029F349 /* Airplane.m in Sources */,
				8204C4221480888A0029F349 /* AirportController.m in Sources */,
				8204C42914808CDB0029F349 /* Constants.m in Sources */,
				8204C43414809EE20029F349 /* Environment.m in Sources */,
				8204C43A148199E30029F349 /* ATCPosition.m in Sources */,
				8204C4461482002D0029F349 /* Artifacts.m in Sources */,
				822170301482F3D000BAADCC /* ATCZone.m in Sources */,
				82217038148310F400BAADCC /* ATCPoint.m in Sources */,
				8221703C148315FC00BAADCC /* ATCZoneBorderSegment.m in Sources */,
				822170481484A8B400BAADCC /* MainInterfaceController.m in Sources */,
			);
			runOnlyForDeploymentPostprocessing = 0;
		};
/* End PBXSourcesBuildPhase section */

/* Begin PBXVariantGroup section */
		8204C404148080C40029F349 /* InfoPlist.strings */ = {
			isa = PBXVariantGroup;
			children = (
				8204C405148080C40029F349 /* en */,
			);
			name = InfoPlist.strings;
			sourceTree = "<group>";
		};
/* End PBXVariantGroup section */

/* Begin XCBuildConfiguration section */
		8204C40D148080C40029F349 /* Debug */ = {
			isa = XCBuildConfiguration;
			buildSettings = {
				ALWAYS_SEARCH_USER_PATHS = NO;
				ARCHS = "$(ARCHS_STANDARD_32_BIT)";
				"CODE_SIGN_IDENTITY[sdk=iphoneos*]" = "iPhone Developer";
				COPY_PHASE_STRIP = NO;
				GCC_C_LANGUAGE_STANDARD = gnu99;
				GCC_DYNAMIC_NO_PIC = NO;
				GCC_OPTIMIZATION_LEVEL = 0;
				GCC_PREPROCESSOR_DEFINITIONS = (
					"DEBUG=1",
					"$(inherited)",
				);
				GCC_SYMBOLS_PRIVATE_EXTERN = NO;
				GCC_VERSION = com.apple.compilers.llvm.clang.1_0;
				GCC_WARN_ABOUT_MISSING_PROTOTYPES = YES;
				GCC_WARN_ABOUT_RETURN_TYPE = YES;
				GCC_WARN_UNUSED_VARIABLE = YES;
				IPHONEOS_DEPLOYMENT_TARGET = 5.0;
				SDKROOT = iphoneos;
				TARGETED_DEVICE_FAMILY = 2;
			};
			name = Debug;
		};
		8204C40E148080C40029F349 /* Release */ = {
			isa = XCBuildConfiguration;
			buildSettings = {
				ALWAYS_SEARCH_USER_PATHS = NO;
				ARCHS = "$(ARCHS_STANDARD_32_BIT)";
				"CODE_SIGN_IDENTITY[sdk=iphoneos*]" = "iPhone Developer";
				COPY_PHASE_STRIP = YES;
				GCC_C_LANGUAGE_STANDARD = gnu99;
				GCC_VERSION = com.apple.compilers.llvm.clang.1_0;
				GCC_WARN_ABOUT_MISSING_PROTOTYPES = YES;
				GCC_WARN_ABOUT_RETURN_TYPE = YES;
				GCC_WARN_UNUSED_VARIABLE = YES;
				IPHONEOS_DEPLOYMENT_TARGET = 5.0;
				OTHER_CFLAGS = "-DNS_BLOCK_ASSERTIONS=1";
				SDKROOT = iphoneos;
				TARGETED_DEVICE_FAMILY = 2;
				VALIDATE_PRODUCT = YES;
			};
			name = Release;
		};
		8204C410148080C40029F349 /* Debug */ = {
			isa = XCBuildConfiguration;
			buildSettings = {
				GCC_PRECOMPILE_PREFIX_HEADER = YES;
				GCC_PREFIX_HEADER = "ATCSimulation/ATCSimulation-Prefix.pch";
				INFOPLIST_FILE = "ATCSimulation/ATCSimulation-Info.plist";
				PRODUCT_NAME = "$(TARGET_NAME)";
				WRAPPER_EXTENSION = app;
			};
			name = Debug;
		};
		8204C411148080C40029F349 /* Release */ = {
			isa = XCBuildConfiguration;
			buildSettings = {
				GCC_PRECOMPILE_PREFIX_HEADER = YES;
				GCC_PREFIX_HEADER = "ATCSimulation/ATCSimulation-Prefix.pch";
				INFOPLIST_FILE = "ATCSimulation/ATCSimulation-Info.plist";
				PRODUCT_NAME = "$(TARGET_NAME)";
				WRAPPER_EXTENSION = app;
			};
			name = Release;
		};
/* End XCBuildConfiguration section */

/* Begin XCConfigurationList section */
		8204C3F1148080C30029F349 /* Build configuration list for PBXProject "ATCSimulation" */ = {
			isa = XCConfigurationList;
			buildConfigurations = (
				8204C40D148080C40029F349 /* Debug */,
				8204C40E148080C40029F349 /* Release */,
			);
			defaultConfigurationIsVisible = 0;
			defaultConfigurationName = Release;
		};
		8204C40F148080C40029F349 /* Build configuration list for PBXNativeTarget "ATCSimulation" */ = {
			isa = XCConfigurationList;
			buildConfigurations = (
				8204C410148080C40029F349 /* Debug */,
				8204C411148080C40029F349 /* Release */,
			);
			defaultConfigurationIsVisible = 0;
			defaultConfigurationName = Release;
		};
/* End XCConfigurationList section */
	};
	rootObject = 8204C3EE148080C30029F349 /* Project object */;
}
